<?xml version="1.0" encoding="utf-8"?>
<Project ToolsVersion="4.0" xmlns="http://schemas.microsoft.com/developer/msbuild/2003">
  <ItemGroup>
    <Filter Include="Source Files">
      <UniqueIdentifier>{4FC737F1-C7A5-4376-A066-2A32D752A2FF}</UniqueIdentifier>
      <Extensions>cpp;c;cc;cxx;c++;cppm;ixx;def;odl;idl;hpj;bat;asm;asmx</Extensions>
    </Filter>
    <Filter Include="Header Files">
      <UniqueIdentifier>{93995380-89BD-4b04-88EB-625FBE52EBFB}</UniqueIdentifier>
      <Extensions>h;hh;hpp;hxx;h++;hm;inl;inc;ipp;xsd</Extensions>
    </Filter>
    <Filter Include="Resource Files">
      <UniqueIdentifier>{67DA6AB6-F800-4c08-8B7A-83BB121AAD01}</UniqueIdentifier>
      <Extensions>rc;ico;cur;bmp;dlg;rc2;rct;bin;rgs;gif;jpg;jpeg;jpe;resx;tiff;tif;png;wav;mfcribbon-ms</Extensions>
    </Filter>
  </ItemGroup>
  <ItemGroup>
    <ClInclude Include="sources\pch.h">
      <Filter>Header Files</Filter>
    </ClInclude>
    <ClInclude Include="sources\graphics\window.h">
      <Filter>Header Files</Filter>
    </ClInclude>
    <ClInclude Include="sources\system\debug.h">
      <Filter>Header Files</Filter>
    </ClInclude>
    <ClInclude Include="sources\graphics\texture.h">
      <Filter>Header Files</Filter>
    </ClInclude>
    <ClInclude Include="sources\system\app.h">
      <Filter>Header Files</Filter>
    </ClInclude>
    <ClInclude Include="sources\graphics\quad.h">
      <Filter>Header Files</Filter>
    </ClInclude>
    <ClInclude Include="sources\system\entity.h">
      <Filter>Header Files</Filter>
    </ClInclude>
    <ClInclude Include="sources\system\type.h">
      <Filter>Header Files</Filter>
    </ClInclude>
    <ClInclude Include="sources\system\manager.h">
      <Filter>Header Files</Filter>
    </ClInclude>
  </ItemGroup>
  <ItemGroup>
    <ClCompile Include="sources\main.cpp">
      <Filter>Source Files</Filter>
    </ClCompile>
    <ClCompile Include="sources\graphics\window.cpp">
      <Filter>Source Files</Filter>
    </ClCompile>
    <ClCompile Include="sources\graphics\texture.cpp">
      <Filter>Source Files</Filter>
    </ClCompile>
    <ClCompile Include="sources\system\app.cpp">
      <Filter>Source Files</Filter>
    </ClCompile>
    <ClCompile Include="sources\system\entity.cpp">
      <Filter>Source Files</Filter>
    </ClCompile>
    <ClCompile Include="sources\graphics\quad.cpp">
      <Filter>Source Files</Filter>
    </ClCompile>
    <ClCompile Include="sources\system\manager.cpp">
      <Filter>Source Files</Filter>
    </ClCompile>
  </ItemGroup>
  <ItemGroup>
    <CopyFileToFolders Include="dependencies\SDL2\lib\x64\SDL2.dll" />
    <CopyFileToFolders Include="dependencies\SDL2-image\lib\x64\SDL2_image.dll" />
    <CopyFileToFolders Include="resources\texture\grid.png">
      <Filter>Resource Files</Filter>
    </CopyFileToFolders>
    <CopyFileToFolders Include="dependencies\SDL2-image\lib\x64\zlib1.dll" />
    <CopyFileToFolders Include="dependencies\SDL2-image\lib\x64\libpng16-16.dll" />
    <CopyFileToFolders Include="resources\texture\placehold.png">
      <Filter>Resource Files</Filter>
    </CopyFileToFolders>
    <CopyFileToFolders Include="resources\texture\noise.png">
      <Filter>Resource Files</Filter>
    </CopyFileToFolders>
    <CopyFileToFolders Include="resources\texture\hi.png">
      <Filter>Resource Files</Filter>
    </CopyFileToFolders>
    <CopyFileToFolders Include="resources\texture\grass.png">
      <Filter>Resource Files</Filter>
    </CopyFileToFolders>
    <CopyFileToFolders Include="resources\texture\fire.png">
      <Filter>Resource Files</Filter>
    </CopyFileToFolders>
    <CopyFileToFolders Include="resources\texture\atlas.png">
      <Filter>Resource Files</Filter>
    </CopyFileToFolders>
    <CopyFileToFolders Include="resources\texture\dialogue\dragon.png">
      <Filter>Resource Files</Filter>
    </CopyFileToFolders>
    <CopyFileToFolders Include="resources\texture\dialogue\lady.png">
      <Filter>Resource Files</Filter>
    </CopyFileToFolders>
  </ItemGroup>
</Project>